// !$*UTF8*$!
{
	archiveVersion = 1;
	classes = {
	};
	objectVersion = 46;
	objects = {

/* Begin PBXBuildFile section */
		7EFC8EB622CA299500DCE69A /* OAuthSwift.framework in CopyFiles */ = {isa = PBXBuildFile; fileRef = C40C96F71DA668B400197628 /* OAuthSwift.framework */; settings = {ATTRIBUTES = (CodeSignOnCopy, RemoveHeadersOnCopy, ); }; };
		7EFC8EB722CA299500DCE69A /* Alamofire.framework in CopyFiles */ = {isa = PBXBuildFile; fileRef = C40C96F51DA668AD00197628 /* Alamofire.framework */; settings = {ATTRIBUTES = (CodeSignOnCopy, RemoveHeadersOnCopy, ); }; };
		C400DA831C3E033F0002A995 /* HTTPMethod.swift in Sources */ = {isa = PBXBuildFile; fileRef = C400DA821C3E033F0002A995 /* HTTPMethod.swift */; };
		C40C96E21DA6498000197628 /* OAuthSwiftAlamofireTests.swift in Sources */ = {isa = PBXBuildFile; fileRef = C40C96E11DA6498000197628 /* OAuthSwiftAlamofireTests.swift */; };
		C40C96E41DA6498000197628 /* OAuthSwiftAlamofire.framework in Frameworks */ = {isa = PBXBuildFile; fileRef = C41CFE0D1C4806C000569B80 /* OAuthSwiftAlamofire.framework */; };
		C40C96F21DA6689700197628 /* Alamofire.framework in Frameworks */ = {isa = PBXBuildFile; fileRef = C40C96F11DA6689700197628 /* Alamofire.framework */; };
		C40C96F41DA668A200197628 /* OAuthSwift.framework in Frameworks */ = {isa = PBXBuildFile; fileRef = C40C96F31DA668A200197628 /* OAuthSwift.framework */; };
		C40C96F61DA668AD00197628 /* Alamofire.framework in Frameworks */ = {isa = PBXBuildFile; fileRef = C40C96F51DA668AD00197628 /* Alamofire.framework */; };
		C40C96F81DA668B400197628 /* OAuthSwift.framework in Frameworks */ = {isa = PBXBuildFile; fileRef = C40C96F71DA668B400197628 /* OAuthSwift.framework */; };
		C40C96FA1DA668BE00197628 /* Alamofire.framework in Frameworks */ = {isa = PBXBuildFile; fileRef = C40C96F91DA668BE00197628 /* Alamofire.framework */; };
		C40C96FC1DA668C400197628 /* OAuthSwift.framework in Frameworks */ = {isa = PBXBuildFile; fileRef = C40C96FB1DA668C400197628 /* OAuthSwift.framework */; };
		C40C96FD1DA668E100197628 /* OAuthSwift.framework in Frameworks */ = {isa = PBXBuildFile; fileRef = C40C96F71DA668B400197628 /* OAuthSwift.framework */; };
		C40C96FE1DA668E300197628 /* Alamofire.framework in Frameworks */ = {isa = PBXBuildFile; fileRef = C40C96F51DA668AD00197628 /* Alamofire.framework */; };
		C41CFE031C4806AA00569B80 /* OAuthSwift-AlamofireTVOS.h in Headers */ = {isa = PBXBuildFile; fileRef = C41CFE021C4806AA00569B80 /* OAuthSwift-AlamofireTVOS.h */; settings = {ATTRIBUTES = (Public, ); }; };
		C41CFE101C4806C000569B80 /* OAuthSwift-AlamofireOSX.h in Headers */ = {isa = PBXBuildFile; fileRef = C41CFE0F1C4806C000569B80 /* OAuthSwift-AlamofireOSX.h */; settings = {ATTRIBUTES = (Public, ); }; };
		C41CFE161C4806CB00569B80 /* HTTPMethod.swift in Sources */ = {isa = PBXBuildFile; fileRef = C400DA821C3E033F0002A995 /* HTTPMethod.swift */; };
		C41CFE181C4806CB00569B80 /* HTTPMethod.swift in Sources */ = {isa = PBXBuildFile; fileRef = C400DA821C3E033F0002A995 /* HTTPMethod.swift */; };
		C48204631DA5348F00A69572 /* OAuthSwiftRequestInterceptor.swift in Sources */ = {isa = PBXBuildFile; fileRef = C48204621DA5348F00A69572 /* OAuthSwiftRequestInterceptor.swift */; };
		C48204641DA5348F00A69572 /* OAuthSwiftRequestInterceptor.swift in Sources */ = {isa = PBXBuildFile; fileRef = C48204621DA5348F00A69572 /* OAuthSwiftRequestInterceptor.swift */; };
		C48204651DA5348F00A69572 /* OAuthSwiftRequestInterceptor.swift in Sources */ = {isa = PBXBuildFile; fileRef = C48204621DA5348F00A69572 /* OAuthSwiftRequestInterceptor.swift */; };
		C4D7F9431BB7585900A6D40E /* OAuthSwift-Alamofire.h in Headers */ = {isa = PBXBuildFile; fileRef = C4D7F9421BB7585900A6D40E /* OAuthSwift-Alamofire.h */; settings = {ATTRIBUTES = (Public, ); }; };
/* End PBXBuildFile section */

/* Begin PBXContainerItemProxy section */
		C40C96E51DA6498000197628 /* PBXContainerItemProxy */ = {
			isa = PBXContainerItemProxy;
			containerPortal = C4D7F9361BB7585900A6D40E /* Project object */;
			proxyType = 1;
			remoteGlobalIDString = C41CFE0C1C4806C000569B80;
			remoteInfo = "OAuthSwift-AlamofireOSX";
		};
/* End PBXContainerItemProxy section */

/* Begin PBXCopyFilesBuildPhase section */
		7EFC8EB522CA299000DCE69A /* CopyFiles */ = {
			isa = PBXCopyFilesBuildPhase;
			buildActionMask = 2147483647;
			dstPath = "";
			dstSubfolderSpec = 10;
			files = (
				7EFC8EB622CA299500DCE69A /* OAuthSwift.framework in CopyFiles */,
				7EFC8EB722CA299500DCE69A /* Alamofire.framework in CopyFiles */,
			);
			runOnlyForDeploymentPostprocessing = 0;
		};
/* End PBXCopyFilesBuildPhase section */

/* Begin PBXFileReference section */
		C400DA821C3E033F0002A995 /* HTTPMethod.swift */ = {isa = PBXFileReference; fileEncoding = 4; lastKnownFileType = sourcecode.swift; path = HTTPMethod.swift; sourceTree = "<group>"; };
		C40C96DF1DA6498000197628 /* OAuthSwiftAlamofireTests.xctest */ = {isa = PBXFileReference; explicitFileType = wrapper.cfbundle; includeInIndex = 0; path = OAuthSwiftAlamofireTests.xctest; sourceTree = BUILT_PRODUCTS_DIR; };
		C40C96E11DA6498000197628 /* OAuthSwiftAlamofireTests.swift */ = {isa = PBXFileReference; lastKnownFileType = sourcecode.swift; path = OAuthSwiftAlamofireTests.swift; sourceTree = "<group>"; };
		C40C96E31DA6498000197628 /* Info.plist */ = {isa = PBXFileReference; lastKnownFileType = text.plist.xml; path = Info.plist; sourceTree = "<group>"; };
		C40C96F11DA6689700197628 /* Alamofire.framework */ = {isa = PBXFileReference; lastKnownFileType = wrapper.framework; name = Alamofire.framework; path = Carthage/Build/iOS/Alamofire.framework; sourceTree = "<group>"; };
		C40C96F31DA668A200197628 /* OAuthSwift.framework */ = {isa = PBXFileReference; lastKnownFileType = wrapper.framework; name = OAuthSwift.framework; path = Carthage/Build/iOS/OAuthSwift.framework; sourceTree = "<group>"; };
		C40C96F51DA668AD00197628 /* Alamofire.framework */ = {isa = PBXFileReference; lastKnownFileType = wrapper.framework; name = Alamofire.framework; path = Carthage/Build/Mac/Alamofire.framework; sourceTree = "<group>"; };
		C40C96F71DA668B400197628 /* OAuthSwift.framework */ = {isa = PBXFileReference; lastKnownFileType = wrapper.framework; name = OAuthSwift.framework; path = Carthage/Build/Mac/OAuthSwift.framework; sourceTree = "<group>"; };
		C40C96F91DA668BE00197628 /* Alamofire.framework */ = {isa = PBXFileReference; lastKnownFileType = wrapper.framework; name = Alamofire.framework; path = Carthage/Build/tvOS/Alamofire.framework; sourceTree = "<group>"; };
		C40C96FB1DA668C400197628 /* OAuthSwift.framework */ = {isa = PBXFileReference; lastKnownFileType = wrapper.framework; name = OAuthSwift.framework; path = Carthage/Build/tvOS/OAuthSwift.framework; sourceTree = "<group>"; };
		C41CFE001C4806AA00569B80 /* OAuthSwiftAlamofire.framework */ = {isa = PBXFileReference; explicitFileType = wrapper.framework; includeInIndex = 0; path = OAuthSwiftAlamofire.framework; sourceTree = BUILT_PRODUCTS_DIR; };
		C41CFE021C4806AA00569B80 /* OAuthSwift-AlamofireTVOS.h */ = {isa = PBXFileReference; lastKnownFileType = sourcecode.c.h; path = "OAuthSwift-AlamofireTVOS.h"; sourceTree = "<group>"; };
		C41CFE041C4806AA00569B80 /* Info.plist */ = {isa = PBXFileReference; lastKnownFileType = text.plist.xml; path = Info.plist; sourceTree = "<group>"; };
		C41CFE0D1C4806C000569B80 /* OAuthSwiftAlamofire.framework */ = {isa = PBXFileReference; explicitFileType = wrapper.framework; includeInIndex = 0; path = OAuthSwiftAlamofire.framework; sourceTree = BUILT_PRODUCTS_DIR; };
		C41CFE0F1C4806C000569B80 /* OAuthSwift-AlamofireOSX.h */ = {isa = PBXFileReference; lastKnownFileType = sourcecode.c.h; path = "OAuthSwift-AlamofireOSX.h"; sourceTree = "<group>"; };
		C41CFE111C4806C000569B80 /* Info.plist */ = {isa = PBXFileReference; lastKnownFileType = text.plist.xml; path = Info.plist; sourceTree = "<group>"; };
		C48204621DA5348F00A69572 /* OAuthSwiftRequestInterceptor.swift */ = {isa = PBXFileReference; fileEncoding = 4; lastKnownFileType = sourcecode.swift; path = OAuthSwiftRequestInterceptor.swift; sourceTree = "<group>"; };
		C4D7F93F1BB7585900A6D40E /* OAuthSwiftAlamofire.framework */ = {isa = PBXFileReference; explicitFileType = wrapper.framework; includeInIndex = 0; path = OAuthSwiftAlamofire.framework; sourceTree = BUILT_PRODUCTS_DIR; };
		C4D7F9421BB7585900A6D40E /* OAuthSwift-Alamofire.h */ = {isa = PBXFileReference; lastKnownFileType = sourcecode.c.h; path = "OAuthSwift-Alamofire.h"; sourceTree = "<group>"; };
		C4D7F9441BB7585900A6D40E /* Info.plist */ = {isa = PBXFileReference; lastKnownFileType = text.plist.xml; path = Info.plist; sourceTree = "<group>"; };
		FF9B7D1023197A3D0073E77E /* Cartfile */ = {isa = PBXFileReference; fileEncoding = 4; lastKnownFileType = text; path = Cartfile; sourceTree = "<group>"; };
		FF9B7D1223197A4E0073E77E /* Cartfile.resolved */ = {isa = PBXFileReference; lastKnownFileType = text; path = Cartfile.resolved; sourceTree = "<group>"; };
/* End PBXFileReference section */

/* Begin PBXFrameworksBuildPhase section */
		C40C96DC1DA6498000197628 /* Frameworks */ = {
			isa = PBXFrameworksBuildPhase;
			buildActionMask = 2147483647;
			files = (
				C40C96E41DA6498000197628 /* OAuthSwiftAlamofire.framework in Frameworks */,
				C40C96FD1DA668E100197628 /* OAuthSwift.framework in Frameworks */,
				C40C96FE1DA668E300197628 /* Alamofire.framework in Frameworks */,
			);
			runOnlyForDeploymentPostprocessing = 0;
		};
		C41CFDFC1C4806AA00569B80 /* Frameworks */ = {
			isa = PBXFrameworksBuildPhase;
			buildActionMask = 2147483647;
			files = (
				C40C96FC1DA668C400197628 /* OAuthSwift.framework in Frameworks */,
				C40C96FA1DA668BE00197628 /* Alamofire.framework in Frameworks */,
			);
			runOnlyForDeploymentPostprocessing = 0;
		};
		C41CFE091C4806C000569B80 /* Frameworks */ = {
			isa = PBXFrameworksBuildPhase;
			buildActionMask = 2147483647;
			files = (
				C40C96F81DA668B400197628 /* OAuthSwift.framework in Frameworks */,
				C40C96F61DA668AD00197628 /* Alamofire.framework in Frameworks */,
			);
			runOnlyForDeploymentPostprocessing = 0;
		};
		C4D7F93B1BB7585900A6D40E /* Frameworks */ = {
			isa = PBXFrameworksBuildPhase;
			buildActionMask = 2147483647;
			files = (
				C40C96F41DA668A200197628 /* OAuthSwift.framework in Frameworks */,
				C40C96F21DA6689700197628 /* Alamofire.framework in Frameworks */,
			);
			runOnlyForDeploymentPostprocessing = 0;
		};
/* End PBXFrameworksBuildPhase section */

/* Begin PBXGroup section */
		C40C96DA1DA6495600197628 /* Xcode */ = {
			isa = PBXGroup;
			children = (
				C4D7F9411BB7585900A6D40E /* iOS */,
				C41CFE011C4806AA00569B80 /* tvOS */,
				C41CFE0E1C4806C000569B80 /* macOS */,
			);
			path = Xcode;
			sourceTree = "<group>";
		};
		C40C96E01DA6498000197628 /* Tests */ = {
			isa = PBXGroup;
			children = (
				C40C96E11DA6498000197628 /* OAuthSwiftAlamofireTests.swift */,
				C40C96E31DA6498000197628 /* Info.plist */,
			);
			path = Tests;
			sourceTree = "<group>";
		};
		C40C96EB1DA6677400197628 /* Frameworks */ = {
			isa = PBXGroup;
			children = (
				C40C96EC1DA6677C00197628 /* iOS */,
				C40C96ED1DA6678100197628 /* tvOS */,
				C40C96EE1DA6678700197628 /* Mac */,
			);
			name = Frameworks;
			sourceTree = "<group>";
		};
		C40C96EC1DA6677C00197628 /* iOS */ = {
			isa = PBXGroup;
			children = (
				C40C96F31DA668A200197628 /* OAuthSwift.framework */,
				C40C96F11DA6689700197628 /* Alamofire.framework */,
			);
			name = iOS;
			sourceTree = "<group>";
		};
		C40C96ED1DA6678100197628 /* tvOS */ = {
			isa = PBXGroup;
			children = (
				C40C96FB1DA668C400197628 /* OAuthSwift.framework */,
				C40C96F91DA668BE00197628 /* Alamofire.framework */,
			);
			name = tvOS;
			sourceTree = "<group>";
		};
		C40C96EE1DA6678700197628 /* Mac */ = {
			isa = PBXGroup;
			children = (
				C40C96F71DA668B400197628 /* OAuthSwift.framework */,
				C40C96F51DA668AD00197628 /* Alamofire.framework */,
			);
			name = Mac;
			sourceTree = "<group>";
		};
		C41CFE011C4806AA00569B80 /* tvOS */ = {
			isa = PBXGroup;
			children = (
				C41CFE021C4806AA00569B80 /* OAuthSwift-AlamofireTVOS.h */,
				C41CFE041C4806AA00569B80 /* Info.plist */,
			);
			path = tvOS;
			sourceTree = "<group>";
		};
		C41CFE0E1C4806C000569B80 /* macOS */ = {
			isa = PBXGroup;
			children = (
				C41CFE0F1C4806C000569B80 /* OAuthSwift-AlamofireOSX.h */,
				C41CFE111C4806C000569B80 /* Info.plist */,
			);
			path = macOS;
			sourceTree = "<group>";
		};
		C48204611DA532E300A69572 /* Sources */ = {
			isa = PBXGroup;
			children = (
				C48204621DA5348F00A69572 /* OAuthSwiftRequestInterceptor.swift */,
				C400DA821C3E033F0002A995 /* HTTPMethod.swift */,
			);
			path = Sources;
			sourceTree = "<group>";
		};
		C4D7F9351BB7585900A6D40E = {
			isa = PBXGroup;
			children = (
				FF9B7D1023197A3D0073E77E /* Cartfile */,
				FF9B7D1223197A4E0073E77E /* Cartfile.resolved */,
				C48204611DA532E300A69572 /* Sources */,
				C40C96EB1DA6677400197628 /* Frameworks */,
				C40C96DA1DA6495600197628 /* Xcode */,
				C40C96E01DA6498000197628 /* Tests */,
				C4D7F9401BB7585900A6D40E /* Products */,
			);
			sourceTree = "<group>";
		};
		C4D7F9401BB7585900A6D40E /* Products */ = {
			isa = PBXGroup;
			children = (
				C4D7F93F1BB7585900A6D40E /* OAuthSwiftAlamofire.framework */,
				C41CFE001C4806AA00569B80 /* OAuthSwiftAlamofire.framework */,
				C41CFE0D1C4806C000569B80 /* OAuthSwiftAlamofire.framework */,
				C40C96DF1DA6498000197628 /* OAuthSwiftAlamofireTests.xctest */,
			);
			name = Products;
			sourceTree = "<group>";
		};
		C4D7F9411BB7585900A6D40E /* iOS */ = {
			isa = PBXGroup;
			children = (
				C4D7F9421BB7585900A6D40E /* OAuthSwift-Alamofire.h */,
				C4D7F9441BB7585900A6D40E /* Info.plist */,
			);
			path = iOS;
			sourceTree = "<group>";
		};
/* End PBXGroup section */

/* Begin PBXHeadersBuildPhase section */
		C41CFDFD1C4806AA00569B80 /* Headers */ = {
			isa = PBXHeadersBuildPhase;
			buildActionMask = 2147483647;
			files = (
				C41CFE031C4806AA00569B80 /* OAuthSwift-AlamofireTVOS.h in Headers */,
			);
			runOnlyForDeploymentPostprocessing = 0;
		};
		C41CFE0A1C4806C000569B80 /* Headers */ = {
			isa = PBXHeadersBuildPhase;
			buildActionMask = 2147483647;
			files = (
				C41CFE101C4806C000569B80 /* OAuthSwift-AlamofireOSX.h in Headers */,
			);
			runOnlyForDeploymentPostprocessing = 0;
		};
		C4D7F93C1BB7585900A6D40E /* Headers */ = {
			isa = PBXHeadersBuildPhase;
			buildActionMask = 2147483647;
			files = (
				C4D7F9431BB7585900A6D40E /* OAuthSwift-Alamofire.h in Headers */,
			);
			runOnlyForDeploymentPostprocessing = 0;
		};
/* End PBXHeadersBuildPhase section */

/* Begin PBXNativeTarget section */
		C40C96DE1DA6498000197628 /* OAuthSwiftAlamofireTests */ = {
			isa = PBXNativeTarget;
			buildConfigurationList = C40C96E71DA6498000197628 /* Build configuration list for PBXNativeTarget "OAuthSwiftAlamofireTests" */;
			buildPhases = (
				C40C96DB1DA6498000197628 /* Sources */,
				C40C96DC1DA6498000197628 /* Frameworks */,
				C40C96DD1DA6498000197628 /* Resources */,
				7EFC8EB522CA299000DCE69A /* CopyFiles */,
			);
			buildRules = (
			);
			dependencies = (
				C40C96E61DA6498000197628 /* PBXTargetDependency */,
			);
			name = OAuthSwiftAlamofireTests;
			productName = OAuthSwiftAlamofireTests;
			productReference = C40C96DF1DA6498000197628 /* OAuthSwiftAlamofireTests.xctest */;
			productType = "com.apple.product-type.bundle.unit-test";
		};
		C41CFDFF1C4806AA00569B80 /* OAuthSwiftAlamofireTVOS */ = {
			isa = PBXNativeTarget;
			buildConfigurationList = C41CFE051C4806AA00569B80 /* Build configuration list for PBXNativeTarget "OAuthSwiftAlamofireTVOS" */;
			buildPhases = (
				C41CFDFB1C4806AA00569B80 /* Sources */,
				C41CFDFC1C4806AA00569B80 /* Frameworks */,
				C41CFDFD1C4806AA00569B80 /* Headers */,
				C41CFDFE1C4806AA00569B80 /* Resources */,
			);
			buildRules = (
			);
			dependencies = (
			);
			name = OAuthSwiftAlamofireTVOS;
			productName = "OAuthSwift-AlamofireTVOS";
			productReference = C41CFE001C4806AA00569B80 /* OAuthSwiftAlamofire.framework */;
			productType = "com.apple.product-type.framework";
		};
		C41CFE0C1C4806C000569B80 /* OAuthSwiftAlamofireOSX */ = {
			isa = PBXNativeTarget;
			buildConfigurationList = C41CFE121C4806C000569B80 /* Build configuration list for PBXNativeTarget "OAuthSwiftAlamofireOSX" */;
			buildPhases = (
				C41CFE081C4806C000569B80 /* Sources */,
				C41CFE091C4806C000569B80 /* Frameworks */,
				C41CFE0A1C4806C000569B80 /* Headers */,
				C41CFE0B1C4806C000569B80 /* Resources */,
			);
			buildRules = (
			);
			dependencies = (
			);
			name = OAuthSwiftAlamofireOSX;
			productName = "OAuthSwift-AlamofireOSX";
			productReference = C41CFE0D1C4806C000569B80 /* OAuthSwiftAlamofire.framework */;
			productType = "com.apple.product-type.framework";
		};
		C4D7F93E1BB7585900A6D40E /* OAuthSwiftAlamofire */ = {
			isa = PBXNativeTarget;
			buildConfigurationList = C4D7F9471BB7585900A6D40E /* Build configuration list for PBXNativeTarget "OAuthSwiftAlamofire" */;
			buildPhases = (
				C4D7F93A1BB7585900A6D40E /* Sources */,
				C4D7F93B1BB7585900A6D40E /* Frameworks */,
				C4D7F93C1BB7585900A6D40E /* Headers */,
				C4D7F93D1BB7585900A6D40E /* Resources */,
			);
			buildRules = (
			);
			dependencies = (
			);
			name = OAuthSwiftAlamofire;
			productName = "OAuthSwift-Alamofire";
			productReference = C4D7F93F1BB7585900A6D40E /* OAuthSwiftAlamofire.framework */;
			productType = "com.apple.product-type.framework";
		};
/* End PBXNativeTarget section */

/* Begin PBXProject section */
		C4D7F9361BB7585900A6D40E /* Project object */ = {
			isa = PBXProject;
			attributes = {
				LastSwiftUpdateCheck = 0800;
				LastUpgradeCheck = 1020;
				ORGANIZATIONNAME = phimage;
				TargetAttributes = {
					C40C96DE1DA6498000197628 = {
						CreatedOnToolsVersion = 8.0;
						LastSwiftMigration = 0940;
						ProvisioningStyle = Automatic;
					};
					C41CFDFF1C4806AA00569B80 = {
						CreatedOnToolsVersion = 7.2;
						DevelopmentTeam = GGU39CDBL2;
						LastSwiftMigration = 0800;
					};
					C41CFE0C1C4806C000569B80 = {
						CreatedOnToolsVersion = 7.2;
						LastSwiftMigration = 0940;
					};
					C4D7F93E1BB7585900A6D40E = {
						CreatedOnToolsVersion = 7.0;
						DevelopmentTeam = GGU39CDBL2;
						LastSwiftMigration = 1020;
					};
				};
			};
			buildConfigurationList = C4D7F9391BB7585900A6D40E /* Build configuration list for PBXProject "OAuthSwift-Alamofire" */;
			compatibilityVersion = "Xcode 3.2";
			developmentRegion = en;
			hasScannedForEncodings = 0;
			knownRegions = (
				en,
				Base,
			);
			mainGroup = C4D7F9351BB7585900A6D40E;
			productRefGroup = C4D7F9401BB7585900A6D40E /* Products */;
			projectDirPath = "";
			projectRoot = "";
			targets = (
				C4D7F93E1BB7585900A6D40E /* OAuthSwiftAlamofire */,
				C41CFDFF1C4806AA00569B80 /* OAuthSwiftAlamofireTVOS */,
				C41CFE0C1C4806C000569B80 /* OAuthSwiftAlamofireOSX */,
				C40C96DE1DA6498000197628 /* OAuthSwiftAlamofireTests */,
			);
		};
/* End PBXProject section */

/* Begin PBXResourcesBuildPhase section */
		C40C96DD1DA6498000197628 /* Resources */ = {
			isa = PBXResourcesBuildPhase;
			buildActionMask = 2147483647;
			files = (
			);
			runOnlyForDeploymentPostprocessing = 0;
		};
		C41CFDFE1C4806AA00569B80 /* Resources */ = {
			isa = PBXResourcesBuildPhase;
			buildActionMask = 2147483647;
			files = (
			);
			runOnlyForDeploymentPostprocessing = 0;
		};
		C41CFE0B1C4806C000569B80 /* Resources */ = {
			isa = PBXResourcesBuildPhase;
			buildActionMask = 2147483647;
			files = (
			);
			runOnlyForDeploymentPostprocessing = 0;
		};
		C4D7F93D1BB7585900A6D40E /* Resources */ = {
			isa = PBXResourcesBuildPhase;
			buildActionMask = 2147483647;
			files = (
			);
			runOnlyForDeploymentPostprocessing = 0;
		};
/* End PBXResourcesBuildPhase section */

/* Begin PBXSourcesBuildPhase section */
		C40C96DB1DA6498000197628 /* Sources */ = {
			isa = PBXSourcesBuildPhase;
			buildActionMask = 2147483647;
			files = (
				C40C96E21DA6498000197628 /* OAuthSwiftAlamofireTests.swift in Sources */,
			);
			runOnlyForDeploymentPostprocessing = 0;
		};
		C41CFDFB1C4806AA00569B80 /* Sources */ = {
			isa = PBXSourcesBuildPhase;
			buildActionMask = 2147483647;
			files = (
				C41CFE161C4806CB00569B80 /* HTTPMethod.swift in Sources */,
				C48204641DA5348F00A69572 /* OAuthSwiftRequestInterceptor.swift in Sources */,
			);
			runOnlyForDeploymentPostprocessing = 0;
		};
		C41CFE081C4806C000569B80 /* Sources */ = {
			isa = PBXSourcesBuildPhase;
			buildActionMask = 2147483647;
			files = (
				C41CFE181C4806CB00569B80 /* HTTPMethod.swift in Sources */,
				C48204651DA5348F00A69572 /* OAuthSwiftRequestInterceptor.swift in Sources */,
			);
			runOnlyForDeploymentPostprocessing = 0;
		};
		C4D7F93A1BB7585900A6D40E /* Sources */ = {
			isa = PBXSourcesBuildPhase;
			buildActionMask = 2147483647;
			files = (
				C400DA831C3E033F0002A995 /* HTTPMethod.swift in Sources */,
				C48204631DA5348F00A69572 /* OAuthSwiftRequestInterceptor.swift in Sources */,
			);
			runOnlyForDeploymentPostprocessing = 0;
		};
/* End PBXSourcesBuildPhase section */

/* Begin PBXTargetDependency section */
		C40C96E61DA6498000197628 /* PBXTargetDependency */ = {
			isa = PBXTargetDependency;
			target = C41CFE0C1C4806C000569B80 /* OAuthSwiftAlamofireOSX */;
			targetProxy = C40C96E51DA6498000197628 /* PBXContainerItemProxy */;
		};
/* End PBXTargetDependency section */

/* Begin XCBuildConfiguration section */
		C40C96E81DA6498000197628 /* Debug */ = {
			isa = XCBuildConfiguration;
			buildSettings = {
				ALWAYS_EMBED_SWIFT_STANDARD_LIBRARIES = YES;
				CLANG_ANALYZER_NONNULL = YES;
				CLANG_WARN_DOCUMENTATION_COMMENTS = YES;
				CLANG_WARN_SUSPICIOUS_MOVES = YES;
				CODE_SIGN_IDENTITY = "-";
				COMBINE_HIDPI_IMAGES = YES;
				FRAMEWORK_SEARCH_PATHS = (
					"$(inherited)",
					"$(PROJECT_DIR)/Carthage/Build/Mac",
				);
				INFOPLIST_FILE = Tests/Info.plist;
				LD_RUNPATH_SEARCH_PATHS = "$(inherited) @executable_path/../Frameworks @loader_path/../Frameworks";
				MACOSX_DEPLOYMENT_TARGET = 10.12;
				PRODUCT_BUNDLE_IDENTIFIER = me.phimage.OAuthSwiftAlamofireTests;
				PRODUCT_NAME = "$(TARGET_NAME)";
				SDKROOT = macosx;
				SWIFT_ACTIVE_COMPILATION_CONDITIONS = DEBUG;
				SWIFT_SWIFT3_OBJC_INFERENCE = On;
				SWIFT_VERSION = 5.0;
			};
			name = Debug;
		};
		C40C96E91DA6498000197628 /* Release */ = {
			isa = XCBuildConfiguration;
			buildSettings = {
				ALWAYS_EMBED_SWIFT_STANDARD_LIBRARIES = YES;
				CLANG_ANALYZER_NONNULL = YES;
				CLANG_WARN_DOCUMENTATION_COMMENTS = YES;
				CLANG_WARN_SUSPICIOUS_MOVES = YES;
				CODE_SIGN_IDENTITY = "-";
				COMBINE_HIDPI_IMAGES = YES;
				FRAMEWORK_SEARCH_PATHS = (
					"$(inherited)",
					"$(PROJECT_DIR)/Carthage/Build/Mac",
				);
				INFOPLIST_FILE = Tests/Info.plist;
				LD_RUNPATH_SEARCH_PATHS = "$(inherited) @executable_path/../Frameworks @loader_path/../Frameworks";
				MACOSX_DEPLOYMENT_TARGET = 10.12;
				PRODUCT_BUNDLE_IDENTIFIER = me.phimage.OAuthSwiftAlamofireTests;
				PRODUCT_NAME = "$(TARGET_NAME)";
				SDKROOT = macosx;
				SWIFT_SWIFT3_OBJC_INFERENCE = On;
				SWIFT_VERSION = 5.0;
			};
			name = Release;
		};
		C41CFE061C4806AA00569B80 /* Debug */ = {
			isa = XCBuildConfiguration;
			buildSettings = {
				ALWAYS_EMBED_SWIFT_STANDARD_LIBRARIES = YES;
				"CODE_SIGN_IDENTITY[sdk=appletvos*]" = "";
				DEFINES_MODULE = YES;
				DYLIB_COMPATIBILITY_VERSION = 1;
				DYLIB_CURRENT_VERSION = 1;
				DYLIB_INSTALL_NAME_BASE = "@rpath";
				FRAMEWORK_SEARCH_PATHS = (
					"$(inherited)",
					"$(PROJECT_DIR)/Carthage/Build/tvOS",
				);
				INFOPLIST_FILE = Xcode/tvOS/Info.plist;
				INSTALL_PATH = "$(LOCAL_LIBRARY_DIR)/Frameworks";
				LD_RUNPATH_SEARCH_PATHS = "$(inherited) @executable_path/Frameworks @loader_path/Frameworks";
				PRODUCT_BUNDLE_IDENTIFIER = "fr.phimage.OAuthSwift-AlamofireTVOS";
				PRODUCT_NAME = OAuthSwiftAlamofire;
				SDKROOT = appletvos;
				SKIP_INSTALL = YES;
				SWIFT_VERSION = 5.0;
				TARGETED_DEVICE_FAMILY = 3;
				TVOS_DEPLOYMENT_TARGET = 10.0;
			};
			name = Debug;
		};
		C41CFE071C4806AA00569B80 /* Release */ = {
			isa = XCBuildConfiguration;
			buildSettings = {
				ALWAYS_EMBED_SWIFT_STANDARD_LIBRARIES = YES;
				"CODE_SIGN_IDENTITY[sdk=appletvos*]" = "";
				DEFINES_MODULE = YES;
				DYLIB_COMPATIBILITY_VERSION = 1;
				DYLIB_CURRENT_VERSION = 1;
				DYLIB_INSTALL_NAME_BASE = "@rpath";
				FRAMEWORK_SEARCH_PATHS = (
					"$(inherited)",
					"$(PROJECT_DIR)/Carthage/Build/tvOS",
				);
				INFOPLIST_FILE = Xcode/tvOS/Info.plist;
				INSTALL_PATH = "$(LOCAL_LIBRARY_DIR)/Frameworks";
				LD_RUNPATH_SEARCH_PATHS = "$(inherited) @executable_path/Frameworks @loader_path/Frameworks";
				PRODUCT_BUNDLE_IDENTIFIER = "fr.phimage.OAuthSwift-AlamofireTVOS";
				PRODUCT_NAME = OAuthSwiftAlamofire;
				SDKROOT = appletvos;
				SKIP_INSTALL = YES;
				SWIFT_VERSION = 5.0;
				TARGETED_DEVICE_FAMILY = 3;
				TVOS_DEPLOYMENT_TARGET = 10.0;
			};
			name = Release;
		};
		C41CFE131C4806C000569B80 /* Debug */ = {
			isa = XCBuildConfiguration;
			buildSettings = {
				ALWAYS_EMBED_SWIFT_STANDARD_LIBRARIES = YES;
				CODE_SIGN_IDENTITY = "";
				COMBINE_HIDPI_IMAGES = YES;
				DEFINES_MODULE = YES;
				DYLIB_COMPATIBILITY_VERSION = 1;
				DYLIB_CURRENT_VERSION = 1;
				DYLIB_INSTALL_NAME_BASE = "@rpath";
				FRAMEWORK_SEARCH_PATHS = (
					"$(inherited)",
					"$(PROJECT_DIR)/Carthage/Build/Mac",
				);
				FRAMEWORK_VERSION = A;
				INFOPLIST_FILE = Xcode/macOS/Info.plist;
				INSTALL_PATH = "$(LOCAL_LIBRARY_DIR)/Frameworks";
				LD_RUNPATH_SEARCH_PATHS = "$(inherited) @executable_path/../Frameworks @loader_path/Frameworks";
				MACOSX_DEPLOYMENT_TARGET = 10.12;
				PRODUCT_BUNDLE_IDENTIFIER = "fr.phimage.OAuthSwift-AlamofireOSX";
				PRODUCT_NAME = OAuthSwiftAlamofire;
				SDKROOT = macosx;
				SKIP_INSTALL = YES;
				SWIFT_SWIFT3_OBJC_INFERENCE = On;
				SWIFT_VERSION = 5.0;
			};
			name = Debug;
		};
		C41CFE141C4806C000569B80 /* Release */ = {
			isa = XCBuildConfiguration;
			buildSettings = {
				ALWAYS_EMBED_SWIFT_STANDARD_LIBRARIES = YES;
				CODE_SIGN_IDENTITY = "";
				COMBINE_HIDPI_IMAGES = YES;
				DEFINES_MODULE = YES;
				DYLIB_COMPATIBILITY_VERSION = 1;
				DYLIB_CURRENT_VERSION = 1;
				DYLIB_INSTALL_NAME_BASE = "@rpath";
				FRAMEWORK_SEARCH_PATHS = (
					"$(inherited)",
					"$(PROJECT_DIR)/Carthage/Build/Mac",
				);
				FRAMEWORK_VERSION = A;
				INFOPLIST_FILE = Xcode/macOS/Info.plist;
				INSTALL_PATH = "$(LOCAL_LIBRARY_DIR)/Frameworks";
				LD_RUNPATH_SEARCH_PATHS = "$(inherited) @executable_path/../Frameworks @loader_path/Frameworks";
				MACOSX_DEPLOYMENT_TARGET = 10.12;
				PRODUCT_BUNDLE_IDENTIFIER = "fr.phimage.OAuthSwift-AlamofireOSX";
				PRODUCT_NAME = OAuthSwiftAlamofire;
				SDKROOT = macosx;
				SKIP_INSTALL = YES;
				SWIFT_SWIFT3_OBJC_INFERENCE = On;
				SWIFT_VERSION = 5.0;
			};
			name = Release;
		};
		C4D7F9451BB7585900A6D40E /* Debug */ = {
			isa = XCBuildConfiguration;
			buildSettings = {
				ALWAYS_SEARCH_USER_PATHS = NO;
				CLANG_ANALYZER_LOCALIZABILITY_NONLOCALIZED = YES;
				CLANG_CXX_LANGUAGE_STANDARD = "gnu++0x";
				CLANG_CXX_LIBRARY = "libc++";
				CLANG_ENABLE_MODULES = YES;
				CLANG_ENABLE_OBJC_ARC = YES;
				CLANG_WARN_BLOCK_CAPTURE_AUTORELEASING = YES;
				CLANG_WARN_BOOL_CONVERSION = YES;
				CLANG_WARN_COMMA = YES;
				CLANG_WARN_CONSTANT_CONVERSION = YES;
				CLANG_WARN_DEPRECATED_OBJC_IMPLEMENTATIONS = YES;
				CLANG_WARN_DIRECT_OBJC_ISA_USAGE = YES_ERROR;
				CLANG_WARN_EMPTY_BODY = YES;
				CLANG_WARN_ENUM_CONVERSION = YES;
				CLANG_WARN_INFINITE_RECURSION = YES;
				CLANG_WARN_INT_CONVERSION = YES;
				CLANG_WARN_NON_LITERAL_NULL_CONVERSION = YES;
				CLANG_WARN_OBJC_IMPLICIT_RETAIN_SELF = YES;
				CLANG_WARN_OBJC_LITERAL_CONVERSION = YES;
				CLANG_WARN_OBJC_ROOT_CLASS = YES_ERROR;
				CLANG_WARN_RANGE_LOOP_ANALYSIS = YES;
				CLANG_WARN_STRICT_PROTOTYPES = YES;
				CLANG_WARN_SUSPICIOUS_MOVE = YES;
				CLANG_WARN_UNREACHABLE_CODE = YES;
				CLANG_WARN__DUPLICATE_METHOD_MATCH = YES;
				"CODE_SIGN_IDENTITY[sdk=iphoneos*]" = "iPhone Developer";
				COPY_PHASE_STRIP = NO;
				CURRENT_PROJECT_VERSION = 1;
				DEBUG_INFORMATION_FORMAT = dwarf;
				ENABLE_STRICT_OBJC_MSGSEND = YES;
				ENABLE_TESTABILITY = YES;
				GCC_C_LANGUAGE_STANDARD = gnu99;
				GCC_DYNAMIC_NO_PIC = NO;
				GCC_NO_COMMON_BLOCKS = YES;
				GCC_OPTIMIZATION_LEVEL = 0;
				GCC_PREPROCESSOR_DEFINITIONS = (
					"DEBUG=1",
					"$(inherited)",
				);
				GCC_WARN_64_TO_32_BIT_CONVERSION = YES;
				GCC_WARN_ABOUT_RETURN_TYPE = YES_ERROR;
				GCC_WARN_UNDECLARED_SELECTOR = YES;
				GCC_WARN_UNINITIALIZED_AUTOS = YES_AGGRESSIVE;
				GCC_WARN_UNUSED_FUNCTION = YES;
				GCC_WARN_UNUSED_VARIABLE = YES;
				IPHONEOS_DEPLOYMENT_TARGET = 10.0;
				MTL_ENABLE_DEBUG_INFO = YES;
				ONLY_ACTIVE_ARCH = YES;
				SDKROOT = iphoneos;
				SWIFT_OPTIMIZATION_LEVEL = "-Onone";
				SWIFT_VERSION = 5.0;
				TARGETED_DEVICE_FAMILY = "1,2";
				VERSIONING_SYSTEM = "apple-generic";
				VERSION_INFO_PREFIX = "";
			};
			name = Debug;
		};
		C4D7F9461BB7585900A6D40E /* Release */ = {
			isa = XCBuildConfiguration;
			buildSettings = {
				ALWAYS_SEARCH_USER_PATHS = NO;
				CLANG_ANALYZER_LOCALIZABILITY_NONLOCALIZED = YES;
				CLANG_CXX_LANGUAGE_STANDARD = "gnu++0x";
				CLANG_CXX_LIBRARY = "libc++";
				CLANG_ENABLE_MODULES = YES;
				CLANG_ENABLE_OBJC_ARC = YES;
				CLANG_WARN_BLOCK_CAPTURE_AUTORELEASING = YES;
				CLANG_WARN_BOOL_CONVERSION = YES;
				CLANG_WARN_COMMA = YES;
				CLANG_WARN_CONSTANT_CONVERSION = YES;
				CLANG_WARN_DEPRECATED_OBJC_IMPLEMENTATIONS = YES;
				CLANG_WARN_DIRECT_OBJC_ISA_USAGE = YES_ERROR;
				CLANG_WARN_EMPTY_BODY = YES;
				CLANG_WARN_ENUM_CONVERSION = YES;
				CLANG_WARN_INFINITE_RECURSION = YES;
				CLANG_WARN_INT_CONVERSION = YES;
				CLANG_WARN_NON_LITERAL_NULL_CONVERSION = YES;
				CLANG_WARN_OBJC_IMPLICIT_RETAIN_SELF = YES;
				CLANG_WARN_OBJC_LITERAL_CONVERSION = YES;
				CLANG_WARN_OBJC_ROOT_CLASS = YES_ERROR;
				CLANG_WARN_RANGE_LOOP_ANALYSIS = YES;
				CLANG_WARN_STRICT_PROTOTYPES = YES;
				CLANG_WARN_SUSPICIOUS_MOVE = YES;
				CLANG_WARN_UNREACHABLE_CODE = YES;
				CLANG_WARN__DUPLICATE_METHOD_MATCH = YES;
				"CODE_SIGN_IDENTITY[sdk=iphoneos*]" = "iPhone Developer";
				COPY_PHASE_STRIP = NO;
				CURRENT_PROJECT_VERSION = 1;
				DEBUG_INFORMATION_FORMAT = "dwarf-with-dsym";
				ENABLE_NS_ASSERTIONS = NO;
				ENABLE_STRICT_OBJC_MSGSEND = YES;
				GCC_C_LANGUAGE_STANDARD = gnu99;
				GCC_NO_COMMON_BLOCKS = YES;
				GCC_WARN_64_TO_32_BIT_CONVERSION = YES;
				GCC_WARN_ABOUT_RETURN_TYPE = YES_ERROR;
				GCC_WARN_UNDECLARED_SELECTOR = YES;
				GCC_WARN_UNINITIALIZED_AUTOS = YES_AGGRESSIVE;
				GCC_WARN_UNUSED_FUNCTION = YES;
				GCC_WARN_UNUSED_VARIABLE = YES;
				IPHONEOS_DEPLOYMENT_TARGET = 10.0;
				MTL_ENABLE_DEBUG_INFO = NO;
				SDKROOT = iphoneos;
				SWIFT_OPTIMIZATION_LEVEL = "-Owholemodule";
				SWIFT_VERSION = 5.0;
				TARGETED_DEVICE_FAMILY = "1,2";
				VALIDATE_PRODUCT = YES;
				VERSIONING_SYSTEM = "apple-generic";
				VERSION_INFO_PREFIX = "";
			};
			name = Release;
		};
		C4D7F9481BB7585900A6D40E /* Debug */ = {
			isa = XCBuildConfiguration;
			buildSettings = {
				ALWAYS_EMBED_SWIFT_STANDARD_LIBRARIES = NO;
				CLANG_ENABLE_MODULES = YES;
				"CODE_SIGN_IDENTITY[sdk=iphoneos*]" = "";
				DEFINES_MODULE = YES;
				DYLIB_COMPATIBILITY_VERSION = 1;
				DYLIB_CURRENT_VERSION = 1;
				DYLIB_INSTALL_NAME_BASE = "@rpath";
				FRAMEWORK_SEARCH_PATHS = (
					"$(inherited)",
					"$(PROJECT_DIR)/Carthage/Build/iOS",
				);
				INFOPLIST_FILE = Xcode/iOs/Info.plist;
				INSTALL_PATH = "$(LOCAL_LIBRARY_DIR)/Frameworks";
				LD_RUNPATH_SEARCH_PATHS = "$(inherited) @executable_path/Frameworks @loader_path/Frameworks";
				PRODUCT_BUNDLE_IDENTIFIER = "tv.phimage.OAuthSwift-Alamofire";
				PRODUCT_NAME = OAuthSwiftAlamofire;
				SKIP_INSTALL = YES;
				SWIFT_OPTIMIZATION_LEVEL = "-Onone";
				SWIFT_VERSION = 5.0;
				TARGETED_DEVICE_FAMILY = "1,2";
			};
			name = Debug;
		};
		C4D7F9491BB7585900A6D40E /* Release */ = {
			isa = XCBuildConfiguration;
			buildSettings = {
				ALWAYS_EMBED_SWIFT_STANDARD_LIBRARIES = NO;
				CLANG_ENABLE_MODULES = YES;
				"CODE_SIGN_IDENTITY[sdk=iphoneos*]" = "";
				DEFINES_MODULE = YES;
				DYLIB_COMPATIBILITY_VERSION = 1;
				DYLIB_CURRENT_VERSION = 1;
				DYLIB_INSTALL_NAME_BASE = "@rpath";
				FRAMEWORK_SEARCH_PATHS = (
					"$(inherited)",
					"$(PROJECT_DIR)/Carthage/Build/iOS",
				);
				INFOPLIST_FILE = Xcode/iOs/Info.plist;
				INSTALL_PATH = "$(LOCAL_LIBRARY_DIR)/Frameworks";
				LD_RUNPATH_SEARCH_PATHS = "$(inherited) @executable_path/Frameworks @loader_path/Frameworks";
				PRODUCT_BUNDLE_IDENTIFIER = "tv.phimage.OAuthSwift-Alamofire";
				PRODUCT_NAME = OAuthSwiftAlamofire;
				SKIP_INSTALL = YES;
				SWIFT_VERSION = 5.0;
				TARGETED_DEVICE_FAMILY = "1,2";
			};
			name = Release;
		};
/* End XCBuildConfiguration section */

/* Begin XCConfigurationList section */
		C40C96E71DA6498000197628 /* Build configuration list for PBXNativeTarget "OAuthSwiftAlamofireTests" */ = {
			isa = XCConfigurationList;
			buildConfigurations = (
				C40C96E81DA6498000197628 /* Debug */,
				C40C96E91DA6498000197628 /* Release */,
			);
			defaultConfigurationIsVisible = 0;
			defaultConfigurationName = Release;
		};
		C41CFE051C4806AA00569B80 /* Build configuration list for PBXNativeTarget "OAuthSwiftAlamofireTVOS" */ = {
			isa = XCConfigurationList;
			buildConfigurations = (
				C41CFE061C4806AA00569B80 /* Debug */,
				C41CFE071C4806AA00569B80 /* Release */,
			);
			defaultConfigurationIsVisible = 0;
			defaultConfigurationName = Release;
		};
		C41CFE121C4806C000569B80 /* Build configuration list for PBXNativeTarget "OAuthSwiftAlamofireOSX" */ = {
			isa = XCConfigurationList;
			buildConfigurations = (
				C41CFE131C4806C000569B80 /* Debug */,
				C41CFE141C4806C000569B80 /* Release */,
			);
			defaultConfigurationIsVisible = 0;
			defaultConfigurationName = Release;
		};
		C4D7F9391BB7585900A6D40E /* Build configuration list for PBXProject "OAuthSwift-Alamofire" */ = {
			isa = XCConfigurationList;
			buildConfigurations = (
				C4D7F9451BB7585900A6D40E /* Debug */,
				C4D7F9461BB7585900A6D40E /* Release */,
			);
			defaultConfigurationIsVisible = 0;
			defaultConfigurationName = Release;
		};
		C4D7F9471BB7585900A6D40E /* Build configuration list for PBXNativeTarget "OAuthSwiftAlamofire" */ = {
			isa = XCConfigurationList;
			buildConfigurations = (
				C4D7F9481BB7585900A6D40E /* Debug */,
				C4D7F9491BB7585900A6D40E /* Release */,
			);
			defaultConfigurationIsVisible = 0;
			defaultConfigurationName = Release;
		};
/* End XCConfigurationList section */
	};
	rootObject = C4D7F9361BB7585900A6D40E /* Project object */;
}
